// !$*UTF8*$!
{
	archiveVersion = 1;
	classes = {
	};
	objectVersion = 48;
	objects = {

/* Begin PBXBuildFile section */
		217307721FDEB55F007B213B /* AppDelegate.swift in Sources */ = {isa = PBXBuildFile; fileRef = 217307711FDEB55F007B213B /* AppDelegate.swift */; };
		217307741FDEB55F007B213B /* ViewController.swift in Sources */ = {isa = PBXBuildFile; fileRef = 217307731FDEB55F007B213B /* ViewController.swift */; };
		217307771FDEB55F007B213B /* Main.storyboard in Resources */ = {isa = PBXBuildFile; fileRef = 217307751FDEB55F007B213B /* Main.storyboard */; };
		2173077A1FDEB55F007B213B /* SportCitizen.xcdatamodeld in Sources */ = {isa = PBXBuildFile; fileRef = 217307781FDEB55F007B213B /* SportCitizen.xcdatamodeld */; };
		2173077C1FDEB55F007B213B /* Assets.xcassets in Resources */ = {isa = PBXBuildFile; fileRef = 2173077B1FDEB55F007B213B /* Assets.xcassets */; };
		2173077F1FDEB55F007B213B /* LaunchScreen.storyboard in Resources */ = {isa = PBXBuildFile; fileRef = 2173077D1FDEB55F007B213B /* LaunchScreen.storyboard */; };
		2173078A1FDEB55F007B213B /* SportCitizenTests.swift in Sources */ = {isa = PBXBuildFile; fileRef = 217307891FDEB55F007B213B /* SportCitizenTests.swift */; };
		217307951FDEB55F007B213B /* SportCitizenUITests.swift in Sources */ = {isa = PBXBuildFile; fileRef = 217307941FDEB55F007B213B /* SportCitizenUITests.swift */; };
		217307A31FDEBB2F007B213B /* LoginController.swift in Sources */ = {isa = PBXBuildFile; fileRef = 217307A21FDEBB2F007B213B /* LoginController.swift */; };
		217307A51FDEBE56007B213B /* GoogleService-Info.plist in Resources */ = {isa = PBXBuildFile; fileRef = 217307A41FDEBE55007B213B /* GoogleService-Info.plist */; };
		25E1AF876DD9E7B83EB4E0AD /* Pods_SportCitizenUITests.framework in Frameworks */ = {isa = PBXBuildFile; fileRef = 0E619206787B36C2ACD80058 /* Pods_SportCitizenUITests.framework */; };
		6821CCC9DAA0EE36EF08E665 /* Pods_SportCitizen.framework in Frameworks */ = {isa = PBXBuildFile; fileRef = EE8EE975B9839560CBF7B389 /* Pods_SportCitizen.framework */; };
		DF1E8A7174AB6EE98AA0E99F /* Pods_SportCitizenTests.framework in Frameworks */ = {isa = PBXBuildFile; fileRef = 0D4D70439688851AE1723DFC /* Pods_SportCitizenTests.framework */; };
/* End PBXBuildFile section */

/* Begin PBXContainerItemProxy section */
		217307861FDEB55F007B213B /* PBXContainerItemProxy */ = {
			isa = PBXContainerItemProxy;
			containerPortal = 217307661FDEB55F007B213B /* Project object */;
			proxyType = 1;
			remoteGlobalIDString = 2173076D1FDEB55F007B213B;
			remoteInfo = SportCitizen;
		};
		217307911FDEB55F007B213B /* PBXContainerItemProxy */ = {
			isa = PBXContainerItemProxy;
			containerPortal = 217307661FDEB55F007B213B /* Project object */;
			proxyType = 1;
			remoteGlobalIDString = 2173076D1FDEB55F007B213B;
			remoteInfo = SportCitizen;
		};
/* End PBXContainerItemProxy section */

/* Begin PBXFileReference section */
		0D4D70439688851AE1723DFC /* Pods_SportCitizenTests.framework */ = {isa = PBXFileReference; explicitFileType = wrapper.framework; includeInIndex = 0; path = Pods_SportCitizenTests.framework; sourceTree = BUILT_PRODUCTS_DIR; };
		0E619206787B36C2ACD80058 /* Pods_SportCitizenUITests.framework */ = {isa = PBXFileReference; explicitFileType = wrapper.framework; includeInIndex = 0; path = Pods_SportCitizenUITests.framework; sourceTree = BUILT_PRODUCTS_DIR; };
		2173076E1FDEB55F007B213B /* SportCitizen.app */ = {isa = PBXFileReference; explicitFileType = wrapper.application; includeInIndex = 0; path = SportCitizen.app; sourceTree = BUILT_PRODUCTS_DIR; };
		217307711FDEB55F007B213B /* AppDelegate.swift */ = {isa = PBXFileReference; lastKnownFileType = sourcecode.swift; path = AppDelegate.swift; sourceTree = "<group>"; };
		217307731FDEB55F007B213B /* ViewController.swift */ = {isa = PBXFileReference; lastKnownFileType = sourcecode.swift; path = ViewController.swift; sourceTree = "<group>"; };
		217307761FDEB55F007B213B /* Base */ = {isa = PBXFileReference; lastKnownFileType = file.storyboard; name = Base; path = Base.lproj/Main.storyboard; sourceTree = "<group>"; };
		217307791FDEB55F007B213B /* SportCitizen.xcdatamodel */ = {isa = PBXFileReference; lastKnownFileType = wrapper.xcdatamodel; path = SportCitizen.xcdatamodel; sourceTree = "<group>"; };
		2173077B1FDEB55F007B213B /* Assets.xcassets */ = {isa = PBXFileReference; lastKnownFileType = folder.assetcatalog; path = Assets.xcassets; sourceTree = "<group>"; };
		2173077E1FDEB55F007B213B /* Base */ = {isa = PBXFileReference; lastKnownFileType = file.storyboard; name = Base; path = Base.lproj/LaunchScreen.storyboard; sourceTree = "<group>"; };
		217307801FDEB55F007B213B /* Info.plist */ = {isa = PBXFileReference; lastKnownFileType = text.plist.xml; path = Info.plist; sourceTree = "<group>"; };
		217307851FDEB55F007B213B /* SportCitizenTests.xctest */ = {isa = PBXFileReference; explicitFileType = wrapper.cfbundle; includeInIndex = 0; path = SportCitizenTests.xctest; sourceTree = BUILT_PRODUCTS_DIR; };
		217307891FDEB55F007B213B /* SportCitizenTests.swift */ = {isa = PBXFileReference; lastKnownFileType = sourcecode.swift; path = SportCitizenTests.swift; sourceTree = "<group>"; };
		2173078B1FDEB55F007B213B /* Info.plist */ = {isa = PBXFileReference; lastKnownFileType = text.plist.xml; path = Info.plist; sourceTree = "<group>"; };
		217307901FDEB55F007B213B /* SportCitizenUITests.xctest */ = {isa = PBXFileReference; explicitFileType = wrapper.cfbundle; includeInIndex = 0; path = SportCitizenUITests.xctest; sourceTree = BUILT_PRODUCTS_DIR; };
		217307941FDEB55F007B213B /* SportCitizenUITests.swift */ = {isa = PBXFileReference; lastKnownFileType = sourcecode.swift; path = SportCitizenUITests.swift; sourceTree = "<group>"; };
		217307961FDEB55F007B213B /* Info.plist */ = {isa = PBXFileReference; lastKnownFileType = text.plist.xml; path = Info.plist; sourceTree = "<group>"; };
		217307A21FDEBB2F007B213B /* LoginController.swift */ = {isa = PBXFileReference; lastKnownFileType = sourcecode.swift; path = LoginController.swift; sourceTree = "<group>"; };
		217307A41FDEBE55007B213B /* GoogleService-Info.plist */ = {isa = PBXFileReference; fileEncoding = 4; lastKnownFileType = text.plist.xml; name = "GoogleService-Info.plist"; path = "../../../Downloads/GoogleService-Info.plist"; sourceTree = "<group>"; };
		60AC1B7EFA6219C1FB71C72D /* Pods-SportCitizen.release.xcconfig */ = {isa = PBXFileReference; includeInIndex = 1; lastKnownFileType = text.xcconfig; name = "Pods-SportCitizen.release.xcconfig"; path = "Pods/Target Support Files/Pods-SportCitizen/Pods-SportCitizen.release.xcconfig"; sourceTree = "<group>"; };
		656344B7BFDEE0FAFD831B26 /* Pods-SportCitizenUITests.debug.xcconfig */ = {isa = PBXFileReference; includeInIndex = 1; lastKnownFileType = text.xcconfig; name = "Pods-SportCitizenUITests.debug.xcconfig"; path = "Pods/Target Support Files/Pods-SportCitizenUITests/Pods-SportCitizenUITests.debug.xcconfig"; sourceTree = "<group>"; };
		7150B8D17B85935E005BCEC3 /* Pods-SportCitizenUITests.release.xcconfig */ = {isa = PBXFileReference; includeInIndex = 1; lastKnownFileType = text.xcconfig; name = "Pods-SportCitizenUITests.release.xcconfig"; path = "Pods/Target Support Files/Pods-SportCitizenUITests/Pods-SportCitizenUITests.release.xcconfig"; sourceTree = "<group>"; };
		BD4EEE1F3BDC9D7811813DE2 /* Pods-SportCitizenTests.release.xcconfig */ = {isa = PBXFileReference; includeInIndex = 1; lastKnownFileType = text.xcconfig; name = "Pods-SportCitizenTests.release.xcconfig"; path = "Pods/Target Support Files/Pods-SportCitizenTests/Pods-SportCitizenTests.release.xcconfig"; sourceTree = "<group>"; };
		EE8EE975B9839560CBF7B389 /* Pods_SportCitizen.framework */ = {isa = PBXFileReference; explicitFileType = wrapper.framework; includeInIndex = 0; path = Pods_SportCitizen.framework; sourceTree = BUILT_PRODUCTS_DIR; };
		EF61D1756846B7D6D6837F4B /* Pods-SportCitizen.debug.xcconfig */ = {isa = PBXFileReference; includeInIndex = 1; lastKnownFileType = text.xcconfig; name = "Pods-SportCitizen.debug.xcconfig"; path = "Pods/Target Support Files/Pods-SportCitizen/Pods-SportCitizen.debug.xcconfig"; sourceTree = "<group>"; };
		F10FC481D0A515B76E3CA106 /* Pods-SportCitizenTests.debug.xcconfig */ = {isa = PBXFileReference; includeInIndex = 1; lastKnownFileType = text.xcconfig; name = "Pods-SportCitizenTests.debug.xcconfig"; path = "Pods/Target Support Files/Pods-SportCitizenTests/Pods-SportCitizenTests.debug.xcconfig"; sourceTree = "<group>"; };
/* End PBXFileReference section */

/* Begin PBXFrameworksBuildPhase section */
		2173076B1FDEB55F007B213B /* Frameworks */ = {
			isa = PBXFrameworksBuildPhase;
			buildActionMask = 2147483647;
			files = (
				6821CCC9DAA0EE36EF08E665 /* Pods_SportCitizen.framework in Frameworks */,
			);
			runOnlyForDeploymentPostprocessing = 0;
		};
		217307821FDEB55F007B213B /* Frameworks */ = {
			isa = PBXFrameworksBuildPhase;
			buildActionMask = 2147483647;
			files = (
				DF1E8A7174AB6EE98AA0E99F /* Pods_SportCitizenTests.framework in Frameworks */,
			);
			runOnlyForDeploymentPostprocessing = 0;
		};
		2173078D1FDEB55F007B213B /* Frameworks */ = {
			isa = PBXFrameworksBuildPhase;
			buildActionMask = 2147483647;
			files = (
				25E1AF876DD9E7B83EB4E0AD /* Pods_SportCitizenUITests.framework in Frameworks */,
			);
			runOnlyForDeploymentPostprocessing = 0;
		};
/* End PBXFrameworksBuildPhase section */

/* Begin PBXGroup section */
		1ACEBF7C6301A3F8EF3D259B /* Frameworks */ = {
			isa = PBXGroup;
			children = (
				EE8EE975B9839560CBF7B389 /* Pods_SportCitizen.framework */,
				0D4D70439688851AE1723DFC /* Pods_SportCitizenTests.framework */,
				0E619206787B36C2ACD80058 /* Pods_SportCitizenUITests.framework */,
			);
			name = Frameworks;
			sourceTree = "<group>";
		};
		217307651FDEB55F007B213B = {
			isa = PBXGroup;
			children = (
				217307701FDEB55F007B213B /* SportCitizen */,
				217307881FDEB55F007B213B /* SportCitizenTests */,
				217307931FDEB55F007B213B /* SportCitizenUITests */,
				2173076F1FDEB55F007B213B /* Products */,
				48D8BBAADE34B3F9369504E6 /* Pods */,
				1ACEBF7C6301A3F8EF3D259B /* Frameworks */,
			);
			sourceTree = "<group>";
		};
		2173076F1FDEB55F007B213B /* Products */ = {
			isa = PBXGroup;
			children = (
				2173076E1FDEB55F007B213B /* SportCitizen.app */,
				217307851FDEB55F007B213B /* SportCitizenTests.xctest */,
				217307901FDEB55F007B213B /* SportCitizenUITests.xctest */,
			);
			name = Products;
			sourceTree = "<group>";
		};
		217307701FDEB55F007B213B /* SportCitizen */ = {
			isa = PBXGroup;
			children = (
				217307711FDEB55F007B213B /* AppDelegate.swift */,
				217307731FDEB55F007B213B /* ViewController.swift */,
				217307751FDEB55F007B213B /* Main.storyboard */,
				2173077B1FDEB55F007B213B /* Assets.xcassets */,
				2173077D1FDEB55F007B213B /* LaunchScreen.storyboard */,
				217307801FDEB55F007B213B /* Info.plist */,
				217307781FDEB55F007B213B /* SportCitizen.xcdatamodeld */,
				217307A21FDEBB2F007B213B /* LoginController.swift */,
				217307A41FDEBE55007B213B /* GoogleService-Info.plist */,
			);
			path = SportCitizen;
			sourceTree = "<group>";
		};
		217307881FDEB55F007B213B /* SportCitizenTests */ = {
			isa = PBXGroup;
			children = (
				217307891FDEB55F007B213B /* SportCitizenTests.swift */,
				2173078B1FDEB55F007B213B /* Info.plist */,
			);
			path = SportCitizenTests;
			sourceTree = "<group>";
		};
		217307931FDEB55F007B213B /* SportCitizenUITests */ = {
			isa = PBXGroup;
			children = (
				217307941FDEB55F007B213B /* SportCitizenUITests.swift */,
				217307961FDEB55F007B213B /* Info.plist */,
			);
			path = SportCitizenUITests;
			sourceTree = "<group>";
		};
		48D8BBAADE34B3F9369504E6 /* Pods */ = {
			isa = PBXGroup;
			children = (
				EF61D1756846B7D6D6837F4B /* Pods-SportCitizen.debug.xcconfig */,
				60AC1B7EFA6219C1FB71C72D /* Pods-SportCitizen.release.xcconfig */,
				F10FC481D0A515B76E3CA106 /* Pods-SportCitizenTests.debug.xcconfig */,
				BD4EEE1F3BDC9D7811813DE2 /* Pods-SportCitizenTests.release.xcconfig */,
				656344B7BFDEE0FAFD831B26 /* Pods-SportCitizenUITests.debug.xcconfig */,
				7150B8D17B85935E005BCEC3 /* Pods-SportCitizenUITests.release.xcconfig */,
			);
			name = Pods;
			sourceTree = "<group>";
		};
/* End PBXGroup section */

/* Begin PBXNativeTarget section */
		2173076D1FDEB55F007B213B /* SportCitizen */ = {
			isa = PBXNativeTarget;
			buildConfigurationList = 217307991FDEB55F007B213B /* Build configuration list for PBXNativeTarget "SportCitizen" */;
			buildPhases = (
				9D18BDC76CB84BB198049C33 /* [CP] Check Pods Manifest.lock */,
				2173076A1FDEB55F007B213B /* Sources */,
				2173076B1FDEB55F007B213B /* Frameworks */,
				2173076C1FDEB55F007B213B /* Resources */,
				56E9740931777E2296769B8A /* [CP] Embed Pods Frameworks */,
				51C52E7340A2E1FE205D1F17 /* [CP] Copy Pods Resources */,
			);
			buildRules = (
			);
			dependencies = (
			);
			name = SportCitizen;
			productName = SportCitizen;
			productReference = 2173076E1FDEB55F007B213B /* SportCitizen.app */;
			productType = "com.apple.product-type.application";
		};
		217307841FDEB55F007B213B /* SportCitizenTests */ = {
			isa = PBXNativeTarget;
			buildConfigurationList = 2173079C1FDEB55F007B213B /* Build configuration list for PBXNativeTarget "SportCitizenTests" */;
			buildPhases = (
				A2BEE0D00A3C9E900E5244BC /* [CP] Check Pods Manifest.lock */,
				217307811FDEB55F007B213B /* Sources */,
				217307821FDEB55F007B213B /* Frameworks */,
				217307831FDEB55F007B213B /* Resources */,
				A6418FEFB4323042CD948756 /* [CP] Embed Pods Frameworks */,
				CF3B075E4EA308CC776141D8 /* [CP] Copy Pods Resources */,
			);
			buildRules = (
			);
			dependencies = (
				217307871FDEB55F007B213B /* PBXTargetDependency */,
			);
			name = SportCitizenTests;
			productName = SportCitizenTests;
			productReference = 217307851FDEB55F007B213B /* SportCitizenTests.xctest */;
			productType = "com.apple.product-type.bundle.unit-test";
		};
		2173078F1FDEB55F007B213B /* SportCitizenUITests */ = {
			isa = PBXNativeTarget;
			buildConfigurationList = 2173079F1FDEB55F007B213B /* Build configuration list for PBXNativeTarget "SportCitizenUITests" */;
			buildPhases = (
				E43FE39308B94550B16FB297 /* [CP] Check Pods Manifest.lock */,
				2173078C1FDEB55F007B213B /* Sources */,
				2173078D1FDEB55F007B213B /* Frameworks */,
				2173078E1FDEB55F007B213B /* Resources */,
				BF8E008F6609762C08D39C47 /* [CP] Embed Pods Frameworks */,
				4663CE47CF5B872EB7806071 /* [CP] Copy Pods Resources */,
			);
			buildRules = (
			);
			dependencies = (
				217307921FDEB55F007B213B /* PBXTargetDependency */,
			);
			name = SportCitizenUITests;
			productName = SportCitizenUITests;
			productReference = 217307901FDEB55F007B213B /* SportCitizenUITests.xctest */;
			productType = "com.apple.product-type.bundle.ui-testing";
		};
/* End PBXNativeTarget section */

/* Begin PBXProject section */
		217307661FDEB55F007B213B /* Project object */ = {
			isa = PBXProject;
			attributes = {
				LastSwiftUpdateCheck = 0910;
				LastUpgradeCheck = 0910;
				ORGANIZATIONNAME = "Simon BRAMI";
				TargetAttributes = {
					2173076D1FDEB55F007B213B = {
						CreatedOnToolsVersion = 9.1;
						ProvisioningStyle = Automatic;
					};
					217307841FDEB55F007B213B = {
						CreatedOnToolsVersion = 9.1;
						ProvisioningStyle = Automatic;
						TestTargetID = 2173076D1FDEB55F007B213B;
					};
					2173078F1FDEB55F007B213B = {
						CreatedOnToolsVersion = 9.1;
						ProvisioningStyle = Automatic;
						TestTargetID = 2173076D1FDEB55F007B213B;
					};
				};
			};
			buildConfigurationList = 217307691FDEB55F007B213B /* Build configuration list for PBXProject "SportCitizen" */;
			compatibilityVersion = "Xcode 8.0";
			developmentRegion = en;
			hasScannedForEncodings = 0;
			knownRegions = (
				en,
				Base,
			);
			mainGroup = 217307651FDEB55F007B213B;
			productRefGroup = 2173076F1FDEB55F007B213B /* Products */;
			projectDirPath = "";
			projectRoot = "";
			targets = (
				2173076D1FDEB55F007B213B /* SportCitizen */,
				217307841FDEB55F007B213B /* SportCitizenTests */,
				2173078F1FDEB55F007B213B /* SportCitizenUITests */,
			);
		};
/* End PBXProject section */

/* Begin PBXResourcesBuildPhase section */
		2173076C1FDEB55F007B213B /* Resources */ = {
			isa = PBXResourcesBuildPhase;
			buildActionMask = 2147483647;
			files = (
				2173077F1FDEB55F007B213B /* LaunchScreen.storyboard in Resources */,
				217307A51FDEBE56007B213B /* GoogleService-Info.plist in Resources */,
				2173077C1FDEB55F007B213B /* Assets.xcassets in Resources */,
				217307771FDEB55F007B213B /* Main.storyboard in Resources */,
			);
			runOnlyForDeploymentPostprocessing = 0;
		};
		217307831FDEB55F007B213B /* Resources */ = {
			isa = PBXResourcesBuildPhase;
			buildActionMask = 2147483647;
			files = (
			);
			runOnlyForDeploymentPostprocessing = 0;
		};
		2173078E1FDEB55F007B213B /* Resources */ = {
			isa = PBXResourcesBuildPhase;
			buildActionMask = 2147483647;
			files = (
			);
			runOnlyForDeploymentPostprocessing = 0;
		};
/* End PBXResourcesBuildPhase section */

/* Begin PBXShellScriptBuildPhase section */
		4663CE47CF5B872EB7806071 /* [CP] Copy Pods Resources */ = {
			isa = PBXShellScriptBuildPhase;
			buildActionMask = 2147483647;
			files = (
			);
			inputPaths = (
			);
			name = "[CP] Copy Pods Resources";
			outputPaths = (
			);
			runOnlyForDeploymentPostprocessing = 0;
			shellPath = /bin/sh;
			shellScript = "\"${SRCROOT}/Pods/Target Support Files/Pods-SportCitizenUITests/Pods-SportCitizenUITests-resources.sh\"\n";
			showEnvVarsInLog = 0;
		};
		51C52E7340A2E1FE205D1F17 /* [CP] Copy Pods Resources */ = {
			isa = PBXShellScriptBuildPhase;
			buildActionMask = 2147483647;
			files = (
			);
			inputPaths = (
			);
			name = "[CP] Copy Pods Resources";
			outputPaths = (
			);
			runOnlyForDeploymentPostprocessing = 0;
			shellPath = /bin/sh;
			shellScript = "\"${SRCROOT}/Pods/Target Support Files/Pods-SportCitizen/Pods-SportCitizen-resources.sh\"\n";
			showEnvVarsInLog = 0;
		};
		56E9740931777E2296769B8A /* [CP] Embed Pods Frameworks */ = {
			isa = PBXShellScriptBuildPhase;
			buildActionMask = 2147483647;
			files = (
			);
			inputPaths = (
				"${SRCROOT}/Pods/Target Support Files/Pods-SportCitizen/Pods-SportCitizen-frameworks.sh",
				"${BUILT_PRODUCTS_DIR}/GoogleToolboxForMac/GoogleToolboxForMac.framework",
				"${BUILT_PRODUCTS_DIR}/nanopb/nanopb.framework",
			);
			name = "[CP] Embed Pods Frameworks";
			outputPaths = (
				"${TARGET_BUILD_DIR}/${FRAMEWORKS_FOLDER_PATH}/GoogleToolboxForMac.framework",
				"${TARGET_BUILD_DIR}/${FRAMEWORKS_FOLDER_PATH}/nanopb.framework",
			);
			runOnlyForDeploymentPostprocessing = 0;
			shellPath = /bin/sh;
			shellScript = "\"${SRCROOT}/Pods/Target Support Files/Pods-SportCitizen/Pods-SportCitizen-frameworks.sh\"\n";
			showEnvVarsInLog = 0;
		};
		9D18BDC76CB84BB198049C33 /* [CP] Check Pods Manifest.lock */ = {
			isa = PBXShellScriptBuildPhase;
			buildActionMask = 2147483647;
			files = (
			);
			inputPaths = (
				"${PODS_PODFILE_DIR_PATH}/Podfile.lock",
				"${PODS_ROOT}/Manifest.lock",
			);
			name = "[CP] Check Pods Manifest.lock";
			outputPaths = (
				"$(DERIVED_FILE_DIR)/Pods-SportCitizen-checkManifestLockResult.txt",
			);
			runOnlyForDeploymentPostprocessing = 0;
			shellPath = /bin/sh;
			shellScript = "diff \"${PODS_PODFILE_DIR_PATH}/Podfile.lock\" \"${PODS_ROOT}/Manifest.lock\" > /dev/null\nif [ $? != 0 ] ; then\n    # print error to STDERR\n    echo \"error: The sandbox is not in sync with the Podfile.lock. Run 'pod install' or update your CocoaPods installation.\" >&2\n    exit 1\nfi\n# This output is used by Xcode 'outputs' to avoid re-running this script phase.\necho \"SUCCESS\" > \"${SCRIPT_OUTPUT_FILE_0}\"\n";
			showEnvVarsInLog = 0;
		};
		A2BEE0D00A3C9E900E5244BC /* [CP] Check Pods Manifest.lock */ = {
			isa = PBXShellScriptBuildPhase;
			buildActionMask = 2147483647;
			files = (
			);
			inputPaths = (
				"${PODS_PODFILE_DIR_PATH}/Podfile.lock",
				"${PODS_ROOT}/Manifest.lock",
			);
			name = "[CP] Check Pods Manifest.lock";
			outputPaths = (
				"$(DERIVED_FILE_DIR)/Pods-SportCitizenTests-checkManifestLockResult.txt",
			);
			runOnlyForDeploymentPostprocessing = 0;
			shellPath = /bin/sh;
			shellScript = "diff \"${PODS_PODFILE_DIR_PATH}/Podfile.lock\" \"${PODS_ROOT}/Manifest.lock\" > /dev/null\nif [ $? != 0 ] ; then\n    # print error to STDERR\n    echo \"error: The sandbox is not in sync with the Podfile.lock. Run 'pod install' or update your CocoaPods installation.\" >&2\n    exit 1\nfi\n# This output is used by Xcode 'outputs' to avoid re-running this script phase.\necho \"SUCCESS\" > \"${SCRIPT_OUTPUT_FILE_0}\"\n";
			showEnvVarsInLog = 0;
		};
		A6418FEFB4323042CD948756 /* [CP] Embed Pods Frameworks */ = {
			isa = PBXShellScriptBuildPhase;
			buildActionMask = 2147483647;
			files = (
			);
			inputPaths = (
			);
			name = "[CP] Embed Pods Frameworks";
			outputPaths = (
			);
			runOnlyForDeploymentPostprocessing = 0;
			shellPath = /bin/sh;
			shellScript = "\"${SRCROOT}/Pods/Target Support Files/Pods-SportCitizenTests/Pods-SportCitizenTests-frameworks.sh\"\n";
			showEnvVarsInLog = 0;
		};
		BF8E008F6609762C08D39C47 /* [CP] Embed Pods Frameworks */ = {
			isa = PBXShellScriptBuildPhase;
			buildActionMask = 2147483647;
			files = (
			);
			inputPaths = (
			);
			name = "[CP] Embed Pods Frameworks";
			outputPaths = (
			);
			runOnlyForDeploymentPostprocessing = 0;
			shellPath = /bin/sh;
			shellScript = "\"${SRCROOT}/Pods/Target Support Files/Pods-SportCitizenUITests/Pods-SportCitizenUITests-frameworks.sh\"\n";
			showEnvVarsInLog = 0;
		};
		CF3B075E4EA308CC776141D8 /* [CP] Copy Pods Resources */ = {
			isa = PBXShellScriptBuildPhase;
			buildActionMask = 2147483647;
			files = (
			);
			inputPaths = (
			);
			name = "[CP] Copy Pods Resources";
			outputPaths = (
			);
			runOnlyForDeploymentPostprocessing = 0;
			shellPath = /bin/sh;
			shellScript = "\"${SRCROOT}/Pods/Target Support Files/Pods-SportCitizenTests/Pods-SportCitizenTests-resources.sh\"\n";
			showEnvVarsInLog = 0;
		};
		E43FE39308B94550B16FB297 /* [CP] Check Pods Manifest.lock */ = {
			isa = PBXShellScriptBuildPhase;
			buildActionMask = 2147483647;
			files = (
			);
			inputPaths = (
				"${PODS_PODFILE_DIR_PATH}/Podfile.lock",
				"${PODS_ROOT}/Manifest.lock",
			);
			name = "[CP] Check Pods Manifest.lock";
			outputPaths = (
				"$(DERIVED_FILE_DIR)/Pods-SportCitizenUITests-checkManifestLockResult.txt",
			);
			runOnlyForDeploymentPostprocessing = 0;
			shellPath = /bin/sh;
			shellScript = "diff \"${PODS_PODFILE_DIR_PATH}/Podfile.lock\" \"${PODS_ROOT}/Manifest.lock\" > /dev/null\nif [ $? != 0 ] ; then\n    # print error to STDERR\n    echo \"error: The sandbox is not in sync with the Podfile.lock. Run 'pod install' or update your CocoaPods installation.\" >&2\n    exit 1\nfi\n# This output is used by Xcode 'outputs' to avoid re-running this script phase.\necho \"SUCCESS\" > \"${SCRIPT_OUTPUT_FILE_0}\"\n";
			showEnvVarsInLog = 0;
		};
/* End PBXShellScriptBuildPhase section */

/* Begin PBXSourcesBuildPhase section */
		2173076A1FDEB55F007B213B /* Sources */ = {
			isa = PBXSourcesBuildPhase;
			buildActionMask = 2147483647;
			files = (
				217307741FDEB55F007B213B /* ViewController.swift in Sources */,
				2EAF56CE1FDEBE14000AED30 /* RegisterViewController.swift in Sources */,
				217307A31FDEBB2F007B213B /* LoginController.swift in Sources */,
				2173077A1FDEB55F007B213B /* SportCitizen.xcdatamodeld in Sources */,
				217307721FDEB55F007B213B /* AppDelegate.swift in Sources */,
			);
			runOnlyForDeploymentPostprocessing = 0;
		};
		217307811FDEB55F007B213B /* Sources */ = {
			isa = PBXSourcesBuildPhase;
			buildActionMask = 2147483647;
			files = (
				2173078A1FDEB55F007B213B /* SportCitizenTests.swift in Sources */,
			);
			runOnlyForDeploymentPostprocessing = 0;
		};
		2173078C1FDEB55F007B213B /* Sources */ = {
			isa = PBXSourcesBuildPhase;
			buildActionMask = 2147483647;
			files = (
				217307951FDEB55F007B213B /* SportCitizenUITests.swift in Sources */,
			);
			runOnlyForDeploymentPostprocessing = 0;
		};
/* End PBXSourcesBuildPhase section */

/* Begin PBXTargetDependency section */
		217307871FDEB55F007B213B /* PBXTargetDependency */ = {
			isa = PBXTargetDependency;
			target = 2173076D1FDEB55F007B213B /* SportCitizen */;
			targetProxy = 217307861FDEB55F007B213B /* PBXContainerItemProxy */;
		};
		217307921FDEB55F007B213B /* PBXTargetDependency */ = {
			isa = PBXTargetDependency;
			target = 2173076D1FDEB55F007B213B /* SportCitizen */;
			targetProxy = 217307911FDEB55F007B213B /* PBXContainerItemProxy */;
		};
/* End PBXTargetDependency section */

/* Begin PBXVariantGroup section */
		217307751FDEB55F007B213B /* Main.storyboard */ = {
			isa = PBXVariantGroup;
			children = (
				217307761FDEB55F007B213B /* Base */,
			);
			name = Main.storyboard;
			sourceTree = "<group>";
		};
		2173077D1FDEB55F007B213B /* LaunchScreen.storyboard */ = {
			isa = PBXVariantGroup;
			children = (
				2173077E1FDEB55F007B213B /* Base */,
			);
			name = LaunchScreen.storyboard;
			sourceTree = "<group>";
		};
/* End PBXVariantGroup section */

/* Begin XCBuildConfiguration section */
		217307971FDEB55F007B213B /* Debug */ = {
			isa = XCBuildConfiguration;
			buildSettings = {
				ALWAYS_SEARCH_USER_PATHS = NO;
				CLANG_ANALYZER_NONNULL = YES;
				CLANG_ANALYZER_NUMBER_OBJECT_CONVERSION = YES_AGGRESSIVE;
				CLANG_CXX_LANGUAGE_STANDARD = "gnu++14";
				CLANG_CXX_LIBRARY = "libc++";
				CLANG_ENABLE_MODULES = YES;
				CLANG_ENABLE_OBJC_ARC = YES;
				CLANG_WARN_BLOCK_CAPTURE_AUTORELEASING = YES;
				CLANG_WARN_BOOL_CONVERSION = YES;
				CLANG_WARN_COMMA = YES;
				CLANG_WARN_CONSTANT_CONVERSION = YES;
				CLANG_WARN_DIRECT_OBJC_ISA_USAGE = YES_ERROR;
				CLANG_WARN_DOCUMENTATION_COMMENTS = YES;
				CLANG_WARN_EMPTY_BODY = YES;
				CLANG_WARN_ENUM_CONVERSION = YES;
				CLANG_WARN_INFINITE_RECURSION = YES;
				CLANG_WARN_INT_CONVERSION = YES;
				CLANG_WARN_NON_LITERAL_NULL_CONVERSION = YES;
				CLANG_WARN_OBJC_LITERAL_CONVERSION = YES;
				CLANG_WARN_OBJC_ROOT_CLASS = YES_ERROR;
				CLANG_WARN_RANGE_LOOP_ANALYSIS = YES;
				CLANG_WARN_STRICT_PROTOTYPES = YES;
				CLANG_WARN_SUSPICIOUS_MOVE = YES;
				CLANG_WARN_UNGUARDED_AVAILABILITY = YES_AGGRESSIVE;
				CLANG_WARN_UNREACHABLE_CODE = YES;
				CLANG_WARN__DUPLICATE_METHOD_MATCH = YES;
				CODE_SIGN_IDENTITY = "iPhone Developer";
				COPY_PHASE_STRIP = NO;
				DEBUG_INFORMATION_FORMAT = dwarf;
				ENABLE_STRICT_OBJC_MSGSEND = YES;
				ENABLE_TESTABILITY = YES;
				GCC_C_LANGUAGE_STANDARD = gnu11;
				GCC_DYNAMIC_NO_PIC = NO;
				GCC_NO_COMMON_BLOCKS = YES;
				GCC_OPTIMIZATION_LEVEL = 0;
				GCC_PREPROCESSOR_DEFINITIONS = (
					"DEBUG=1",
					"$(inherited)",
				);
				GCC_WARN_64_TO_32_BIT_CONVERSION = YES;
				GCC_WARN_ABOUT_RETURN_TYPE = YES_ERROR;
				GCC_WARN_UNDECLARED_SELECTOR = YES;
				GCC_WARN_UNINITIALIZED_AUTOS = YES_AGGRESSIVE;
				GCC_WARN_UNUSED_FUNCTION = YES;
				GCC_WARN_UNUSED_VARIABLE = YES;
				IPHONEOS_DEPLOYMENT_TARGET = 11.1;
				MTL_ENABLE_DEBUG_INFO = YES;
				ONLY_ACTIVE_ARCH = YES;
				SDKROOT = iphoneos;
				SWIFT_ACTIVE_COMPILATION_CONDITIONS = DEBUG;
				SWIFT_OPTIMIZATION_LEVEL = "-Onone";
			};
			name = Debug;
		};
		217307981FDEB55F007B213B /* Release */ = {
			isa = XCBuildConfiguration;
			buildSettings = {
				ALWAYS_SEARCH_USER_PATHS = NO;
				CLANG_ANALYZER_NONNULL = YES;
				CLANG_ANALYZER_NUMBER_OBJECT_CONVERSION = YES_AGGRESSIVE;
				CLANG_CXX_LANGUAGE_STANDARD = "gnu++14";
				CLANG_CXX_LIBRARY = "libc++";
				CLANG_ENABLE_MODULES = YES;
				CLANG_ENABLE_OBJC_ARC = YES;
				CLANG_WARN_BLOCK_CAPTURE_AUTORELEASING = YES;
				CLANG_WARN_BOOL_CONVERSION = YES;
				CLANG_WARN_COMMA = YES;
				CLANG_WARN_CONSTANT_CONVERSION = YES;
				CLANG_WARN_DIRECT_OBJC_ISA_USAGE = YES_ERROR;
				CLANG_WARN_DOCUMENTATION_COMMENTS = YES;
				CLANG_WARN_EMPTY_BODY = YES;
				CLANG_WARN_ENUM_CONVERSION = YES;
				CLANG_WARN_INFINITE_RECURSION = YES;
				CLANG_WARN_INT_CONVERSION = YES;
				CLANG_WARN_NON_LITERAL_NULL_CONVERSION = YES;
				CLANG_WARN_OBJC_LITERAL_CONVERSION = YES;
				CLANG_WARN_OBJC_ROOT_CLASS = YES_ERROR;
				CLANG_WARN_RANGE_LOOP_ANALYSIS = YES;
				CLANG_WARN_STRICT_PROTOTYPES = YES;
				CLANG_WARN_SUSPICIOUS_MOVE = YES;
				CLANG_WARN_UNGUARDED_AVAILABILITY = YES_AGGRESSIVE;
				CLANG_WARN_UNREACHABLE_CODE = YES;
				CLANG_WARN__DUPLICATE_METHOD_MATCH = YES;
				CODE_SIGN_IDENTITY = "iPhone Developer";
				COPY_PHASE_STRIP = NO;
				DEBUG_INFORMATION_FORMAT = "dwarf-with-dsym";
				ENABLE_NS_ASSERTIONS = NO;
				ENABLE_STRICT_OBJC_MSGSEND = YES;
				GCC_C_LANGUAGE_STANDARD = gnu11;
				GCC_NO_COMMON_BLOCKS = YES;
				GCC_WARN_64_TO_32_BIT_CONVERSION = YES;
				GCC_WARN_ABOUT_RETURN_TYPE = YES_ERROR;
				GCC_WARN_UNDECLARED_SELECTOR = YES;
				GCC_WARN_UNINITIALIZED_AUTOS = YES_AGGRESSIVE;
				GCC_WARN_UNUSED_FUNCTION = YES;
				GCC_WARN_UNUSED_VARIABLE = YES;
				IPHONEOS_DEPLOYMENT_TARGET = 11.1;
				MTL_ENABLE_DEBUG_INFO = NO;
				SDKROOT = iphoneos;
				SWIFT_OPTIMIZATION_LEVEL = "-Owholemodule";
				VALIDATE_PRODUCT = YES;
			};
			name = Release;
		};
		2173079A1FDEB55F007B213B /* Debug */ = {
			isa = XCBuildConfiguration;
			baseConfigurationReference = EF61D1756846B7D6D6837F4B /* Pods-SportCitizen.debug.xcconfig */;
			buildSettings = {
				ASSETCATALOG_COMPILER_APPICON_NAME = AppIcon;
				CODE_SIGN_STYLE = Automatic;
				INFOPLIST_FILE = SportCitizen/Info.plist;
				LD_RUNPATH_SEARCH_PATHS = "$(inherited) @executable_path/Frameworks";
				PRODUCT_BUNDLE_IDENTIFIER = Simon.SportCitizen;
				PRODUCT_NAME = "$(TARGET_NAME)";
				SWIFT_VERSION = 4.0;
				TARGETED_DEVICE_FAMILY = "1,2";
			};
			name = Debug;
		};
		2173079B1FDEB55F007B213B /* Release */ = {
			isa = XCBuildConfiguration;
			baseConfigurationReference = 60AC1B7EFA6219C1FB71C72D /* Pods-SportCitizen.release.xcconfig */;
			buildSettings = {
				ASSETCATALOG_COMPILER_APPICON_NAME = AppIcon;
				CODE_SIGN_STYLE = Automatic;
				INFOPLIST_FILE = SportCitizen/Info.plist;
				LD_RUNPATH_SEARCH_PATHS = "$(inherited) @executable_path/Frameworks";
				PRODUCT_BUNDLE_IDENTIFIER = Simon.SportCitizen;
				PRODUCT_NAME = "$(TARGET_NAME)";
				SWIFT_VERSION = 4.0;
				TARGETED_DEVICE_FAMILY = "1,2";
			};
			name = Release;
		};
		2173079D1FDEB55F007B213B /* Debug */ = {
			isa = XCBuildConfiguration;
			baseConfigurationReference = F10FC481D0A515B76E3CA106 /* Pods-SportCitizenTests.debug.xcconfig */;
			buildSettings = {
				ALWAYS_EMBED_SWIFT_STANDARD_LIBRARIES = YES;
				BUNDLE_LOADER = "$(TEST_HOST)";
				CODE_SIGN_STYLE = Automatic;
				INFOPLIST_FILE = SportCitizenTests/Info.plist;
				LD_RUNPATH_SEARCH_PATHS = "$(inherited) @executable_path/Frameworks @loader_path/Frameworks";
				PRODUCT_BUNDLE_IDENTIFIER = Simon.SportCitizenTests;
				PRODUCT_NAME = "$(TARGET_NAME)";
				SWIFT_VERSION = 4.0;
				TARGETED_DEVICE_FAMILY = "1,2";
				TEST_HOST = "$(BUILT_PRODUCTS_DIR)/SportCitizen.app/SportCitizen";
			};
			name = Debug;
		};
		2173079E1FDEB55F007B213B /* Release */ = {
			isa = XCBuildConfiguration;
			baseConfigurationReference = BD4EEE1F3BDC9D7811813DE2 /* Pods-SportCitizenTests.release.xcconfig */;
			buildSettings = {
				ALWAYS_EMBED_SWIFT_STANDARD_LIBRARIES = YES;
				BUNDLE_LOADER = "$(TEST_HOST)";
				CODE_SIGN_STYLE = Automatic;
				INFOPLIST_FILE = SportCitizenTests/Info.plist;
				LD_RUNPATH_SEARCH_PATHS = "$(inherited) @executable_path/Frameworks @loader_path/Frameworks";
				PRODUCT_BUNDLE_IDENTIFIER = Simon.SportCitizenTests;
				PRODUCT_NAME = "$(TARGET_NAME)";
				SWIFT_VERSION = 4.0;
				TARGETED_DEVICE_FAMILY = "1,2";
				TEST_HOST = "$(BUILT_PRODUCTS_DIR)/SportCitizen.app/SportCitizen";
			};
			name = Release;
		};
		217307A01FDEB55F007B213B /* Debug */ = {
			isa = XCBuildConfiguration;
			baseConfigurationReference = 656344B7BFDEE0FAFD831B26 /* Pods-SportCitizenUITests.debug.xcconfig */;
			buildSettings = {
				ALWAYS_EMBED_SWIFT_STANDARD_LIBRARIES = YES;
				CODE_SIGN_STYLE = Automatic;
				INFOPLIST_FILE = SportCitizenUITests/Info.plist;
				LD_RUNPATH_SEARCH_PATHS = "$(inherited) @executable_path/Frameworks @loader_path/Frameworks";
				PRODUCT_BUNDLE_IDENTIFIER = Simon.SportCitizenUITests;
				PRODUCT_NAME = "$(TARGET_NAME)";
				SWIFT_VERSION = 4.0;
				TARGETED_DEVICE_FAMILY = "1,2";
				TEST_TARGET_NAME = SportCitizen;
			};
			name = Debug;
		};
		217307A11FDEB55F007B213B /* Release */ = {
			isa = XCBuildConfiguration;
			baseConfigurationReference = 7150B8D17B85935E005BCEC3 /* Pods-SportCitizenUITests.release.xcconfig */;
			buildSettings = {
				ALWAYS_EMBED_SWIFT_STANDARD_LIBRARIES = YES;
				CODE_SIGN_STYLE = Automatic;
				INFOPLIST_FILE = SportCitizenUITests/Info.plist;
				LD_RUNPATH_SEARCH_PATHS = "$(inherited) @executable_path/Frameworks @loader_path/Frameworks";
				PRODUCT_BUNDLE_IDENTIFIER = Simon.SportCitizenUITests;
				PRODUCT_NAME = "$(TARGET_NAME)";
				SWIFT_VERSION = 4.0;
				TARGETED_DEVICE_FAMILY = "1,2";
				TEST_TARGET_NAME = SportCitizen;
			};
			name = Release;
		};
/* End XCBuildConfiguration section */

/* Begin XCConfigurationList section */
		217307691FDEB55F007B213B /* Build configuration list for PBXProject "SportCitizen" */ = {
			isa = XCConfigurationList;
			buildConfigurations = (
				217307971FDEB55F007B213B /* Debug */,
				217307981FDEB55F007B213B /* Release */,
			);
			defaultConfigurationIsVisible = 0;
			defaultConfigurationName = Release;
		};
		217307991FDEB55F007B213B /* Build configuration list for PBXNativeTarget "SportCitizen" */ = {
			isa = XCConfigurationList;
			buildConfigurations = (
				2173079A1FDEB55F007B213B /* Debug */,
				2173079B1FDEB55F007B213B /* Release */,
			);
			defaultConfigurationIsVisible = 0;
			defaultConfigurationName = Release;
		};
		2173079C1FDEB55F007B213B /* Build configuration list for PBXNativeTarget "SportCitizenTests" */ = {
			isa = XCConfigurationList;
			buildConfigurations = (
				2173079D1FDEB55F007B213B /* Debug */,
				2173079E1FDEB55F007B213B /* Release */,
			);
			defaultConfigurationIsVisible = 0;
			defaultConfigurationName = Release;
		};
		2173079F1FDEB55F007B213B /* Build configuration list for PBXNativeTarget "SportCitizenUITests" */ = {
			isa = XCConfigurationList;
			buildConfigurations = (
				217307A01FDEB55F007B213B /* Debug */,
				217307A11FDEB55F007B213B /* Release */,
			);
			defaultConfigurationIsVisible = 0;
			defaultConfigurationName = Release;
		};
/* End XCConfigurationList section */

/* Begin XCVersionGroup section */
		217307781FDEB55F007B213B /* SportCitizen.xcdatamodeld */ = {
			isa = XCVersionGroup;
			children = (
				217307791FDEB55F007B213B /* SportCitizen.xcdatamodel */,
			);
			currentVersion = 217307791FDEB55F007B213B /* SportCitizen.xcdatamodel */;
			path = SportCitizen.xcdatamodeld;
			sourceTree = "<group>";
			versionGroupType = wrapper.xcdatamodel;
		};
/* End XCVersionGroup section */
	};
	rootObject = 217307661FDEB55F007B213B /* Project object */;
}
