// !$*UTF8*$!
{
	archiveVersion = 1;
	classes = {
	};
	objectVersion = 48;
	objects = {

/* Begin PBXBuildFile section */
		217307721FDEB55F007B213B /* AppDelegate.swift in Sources */ = {isa = PBXBuildFile; fileRef = 217307711FDEB55F007B213B /* AppDelegate.swift */; };
		217307741FDEB55F007B213B /* ViewController.swift in Sources */ = {isa = PBXBuildFile; fileRef = 217307731FDEB55F007B213B /* ViewController.swift */; };
		217307771FDEB55F007B213B /* Main.storyboard in Resources */ = {isa = PBXBuildFile; fileRef = 217307751FDEB55F007B213B /* Main.storyboard */; };
		2173077A1FDEB55F007B213B /* SportCitizen.xcdatamodeld in Sources */ = {isa = PBXBuildFile; fileRef = 217307781FDEB55F007B213B /* SportCitizen.xcdatamodeld */; };
		2173077C1FDEB55F007B213B /* Assets.xcassets in Resources */ = {isa = PBXBuildFile; fileRef = 2173077B1FDEB55F007B213B /* Assets.xcassets */; };
		2173077F1FDEB55F007B213B /* LaunchScreen.storyboard in Resources */ = {isa = PBXBuildFile; fileRef = 2173077D1FDEB55F007B213B /* LaunchScreen.storyboard */; };
		2173078A1FDEB55F007B213B /* SportCitizenTests.swift in Sources */ = {isa = PBXBuildFile; fileRef = 217307891FDEB55F007B213B /* SportCitizenTests.swift */; };
		217307951FDEB55F007B213B /* SportCitizenUITests.swift in Sources */ = {isa = PBXBuildFile; fileRef = 217307941FDEB55F007B213B /* SportCitizenUITests.swift */; };
		217307A31FDEBB2F007B213B /* LoginController.swift in Sources */ = {isa = PBXBuildFile; fileRef = 217307A21FDEBB2F007B213B /* LoginController.swift */; };
/* End PBXBuildFile section */

/* Begin PBXContainerItemProxy section */
		217307861FDEB55F007B213B /* PBXContainerItemProxy */ = {
			isa = PBXContainerItemProxy;
			containerPortal = 217307661FDEB55F007B213B /* Project object */;
			proxyType = 1;
			remoteGlobalIDString = 2173076D1FDEB55F007B213B;
			remoteInfo = SportCitizen;
		};
		217307911FDEB55F007B213B /* PBXContainerItemProxy */ = {
			isa = PBXContainerItemProxy;
			containerPortal = 217307661FDEB55F007B213B /* Project object */;
			proxyType = 1;
			remoteGlobalIDString = 2173076D1FDEB55F007B213B;
			remoteInfo = SportCitizen;
		};
/* End PBXContainerItemProxy section */

/* Begin PBXFileReference section */
		2173076E1FDEB55F007B213B /* SportCitizen.app */ = {isa = PBXFileReference; explicitFileType = wrapper.application; includeInIndex = 0; path = SportCitizen.app; sourceTree = BUILT_PRODUCTS_DIR; };
		217307711FDEB55F007B213B /* AppDelegate.swift */ = {isa = PBXFileReference; lastKnownFileType = sourcecode.swift; path = AppDelegate.swift; sourceTree = "<group>"; };
		217307731FDEB55F007B213B /* ViewController.swift */ = {isa = PBXFileReference; lastKnownFileType = sourcecode.swift; path = ViewController.swift; sourceTree = "<group>"; };
		217307761FDEB55F007B213B /* Base */ = {isa = PBXFileReference; lastKnownFileType = file.storyboard; name = Base; path = Base.lproj/Main.storyboard; sourceTree = "<group>"; };
		217307791FDEB55F007B213B /* SportCitizen.xcdatamodel */ = {isa = PBXFileReference; lastKnownFileType = wrapper.xcdatamodel; path = SportCitizen.xcdatamodel; sourceTree = "<group>"; };
		2173077B1FDEB55F007B213B /* Assets.xcassets */ = {isa = PBXFileReference; lastKnownFileType = folder.assetcatalog; path = Assets.xcassets; sourceTree = "<group>"; };
		2173077E1FDEB55F007B213B /* Base */ = {isa = PBXFileReference; lastKnownFileType = file.storyboard; name = Base; path = Base.lproj/LaunchScreen.storyboard; sourceTree = "<group>"; };
		217307801FDEB55F007B213B /* Info.plist */ = {isa = PBXFileReference; lastKnownFileType = text.plist.xml; path = Info.plist; sourceTree = "<group>"; };
		217307851FDEB55F007B213B /* SportCitizenTests.xctest */ = {isa = PBXFileReference; explicitFileType = wrapper.cfbundle; includeInIndex = 0; path = SportCitizenTests.xctest; sourceTree = BUILT_PRODUCTS_DIR; };
		217307891FDEB55F007B213B /* SportCitizenTests.swift */ = {isa = PBXFileReference; lastKnownFileType = sourcecode.swift; path = SportCitizenTests.swift; sourceTree = "<group>"; };
		2173078B1FDEB55F007B213B /* Info.plist */ = {isa = PBXFileReference; lastKnownFileType = text.plist.xml; path = Info.plist; sourceTree = "<group>"; };
		217307901FDEB55F007B213B /* SportCitizenUITests.xctest */ = {isa = PBXFileReference; explicitFileType = wrapper.cfbundle; includeInIndex = 0; path = SportCitizenUITests.xctest; sourceTree = BUILT_PRODUCTS_DIR; };
		217307941FDEB55F007B213B /* SportCitizenUITests.swift */ = {isa = PBXFileReference; lastKnownFileType = sourcecode.swift; path = SportCitizenUITests.swift; sourceTree = "<group>"; };
		217307961FDEB55F007B213B /* Info.plist */ = {isa = PBXFileReference; lastKnownFileType = text.plist.xml; path = Info.plist; sourceTree = "<group>"; };
		217307A21FDEBB2F007B213B /* LoginController.swift */ = {isa = PBXFileReference; lastKnownFileType = sourcecode.swift; path = LoginController.swift; sourceTree = "<group>"; };
/* End PBXFileReference section */

/* Begin PBXFrameworksBuildPhase section */
		2173076B1FDEB55F007B213B /* Frameworks */ = {
			isa = PBXFrameworksBuildPhase;
			buildActionMask = 2147483647;
			files = (
			);
			runOnlyForDeploymentPostprocessing = 0;
		};
		217307821FDEB55F007B213B /* Frameworks */ = {
			isa = PBXFrameworksBuildPhase;
			buildActionMask = 2147483647;
			files = (
			);
			runOnlyForDeploymentPostprocessing = 0;
		};
		2173078D1FDEB55F007B213B /* Frameworks */ = {
			isa = PBXFrameworksBuildPhase;
			buildActionMask = 2147483647;
			files = (
			);
			runOnlyForDeploymentPostprocessing = 0;
		};
/* End PBXFrameworksBuildPhase section */

/* Begin PBXGroup section */
		217307651FDEB55F007B213B = {
			isa = PBXGroup;
			children = (
				217307701FDEB55F007B213B /* SportCitizen */,
				217307881FDEB55F007B213B /* SportCitizenTests */,
				217307931FDEB55F007B213B /* SportCitizenUITests */,
				2173076F1FDEB55F007B213B /* Products */,
			);
			sourceTree = "<group>";
		};
		2173076F1FDEB55F007B213B /* Products */ = {
			isa = PBXGroup;
			children = (
				2173076E1FDEB55F007B213B /* SportCitizen.app */,
				217307851FDEB55F007B213B /* SportCitizenTests.xctest */,
				217307901FDEB55F007B213B /* SportCitizenUITests.xctest */,
			);
			name = Products;
			sourceTree = "<group>";
		};
		217307701FDEB55F007B213B /* SportCitizen */ = {
			isa = PBXGroup;
			children = (
				217307711FDEB55F007B213B /* AppDelegate.swift */,
				217307731FDEB55F007B213B /* ViewController.swift */,
				217307751FDEB55F007B213B /* Main.storyboard */,
				2173077B1FDEB55F007B213B /* Assets.xcassets */,
				2173077D1FDEB55F007B213B /* LaunchScreen.storyboard */,
				217307801FDEB55F007B213B /* Info.plist */,
				217307781FDEB55F007B213B /* SportCitizen.xcdatamodeld */,
				217307A21FDEBB2F007B213B /* LoginController.swift */,
			);
			path = SportCitizen;
			sourceTree = "<group>";
		};
		217307881FDEB55F007B213B /* SportCitizenTests */ = {
			isa = PBXGroup;
			children = (
				217307891FDEB55F007B213B /* SportCitizenTests.swift */,
				2173078B1FDEB55F007B213B /* Info.plist */,
			);
			path = SportCitizenTests;
			sourceTree = "<group>";
		};
		217307931FDEB55F007B213B /* SportCitizenUITests */ = {
			isa = PBXGroup;
			children = (
				217307941FDEB55F007B213B /* SportCitizenUITests.swift */,
				217307961FDEB55F007B213B /* Info.plist */,
			);
			path = SportCitizenUITests;
			sourceTree = "<group>";
		};
/* End PBXGroup section */

/* Begin PBXNativeTarget section */
		2173076D1FDEB55F007B213B /* SportCitizen */ = {
			isa = PBXNativeTarget;
			buildConfigurationList = 217307991FDEB55F007B213B /* Build configuration list for PBXNativeTarget "SportCitizen" */;
			buildPhases = (
				2173076A1FDEB55F007B213B /* Sources */,
				2173076B1FDEB55F007B213B /* Frameworks */,
				2173076C1FDEB55F007B213B /* Resources */,
			);
			buildRules = (
			);
			dependencies = (
			);
			name = SportCitizen;
			productName = SportCitizen;
			productReference = 2173076E1FDEB55F007B213B /* SportCitizen.app */;
			productType = "com.apple.product-type.application";
		};
		217307841FDEB55F007B213B /* SportCitizenTests */ = {
			isa = PBXNativeTarget;
			buildConfigurationList = 2173079C1FDEB55F007B213B /* Build configuration list for PBXNativeTarget "SportCitizenTests" */;
			buildPhases = (
				217307811FDEB55F007B213B /* Sources */,
				217307821FDEB55F007B213B /* Frameworks */,
				217307831FDEB55F007B213B /* Resources */,
			);
			buildRules = (
			);
			dependencies = (
				217307871FDEB55F007B213B /* PBXTargetDependency */,
			);
			name = SportCitizenTests;
			productName = SportCitizenTests;
			productReference = 217307851FDEB55F007B213B /* SportCitizenTests.xctest */;
			productType = "com.apple.product-type.bundle.unit-test";
		};
		2173078F1FDEB55F007B213B /* SportCitizenUITests */ = {
			isa = PBXNativeTarget;
			buildConfigurationList = 2173079F1FDEB55F007B213B /* Build configuration list for PBXNativeTarget "SportCitizenUITests" */;
			buildPhases = (
				2173078C1FDEB55F007B213B /* Sources */,
				2173078D1FDEB55F007B213B /* Frameworks */,
				2173078E1FDEB55F007B213B /* Resources */,
			);
			buildRules = (
			);
			dependencies = (
				217307921FDEB55F007B213B /* PBXTargetDependency */,
			);
			name = SportCitizenUITests;
			productName = SportCitizenUITests;
			productReference = 217307901FDEB55F007B213B /* SportCitizenUITests.xctest */;
			productType = "com.apple.product-type.bundle.ui-testing";
		};
/* End PBXNativeTarget section */

/* Begin PBXProject section */
		217307661FDEB55F007B213B /* Project object */ = {
			isa = PBXProject;
			attributes = {
				LastSwiftUpdateCheck = 0910;
				LastUpgradeCheck = 0910;
				ORGANIZATIONNAME = "Simon BRAMI";
				TargetAttributes = {
					2173076D1FDEB55F007B213B = {
						CreatedOnToolsVersion = 9.1;
						ProvisioningStyle = Automatic;
					};
					217307841FDEB55F007B213B = {
						CreatedOnToolsVersion = 9.1;
						ProvisioningStyle = Automatic;
						TestTargetID = 2173076D1FDEB55F007B213B;
					};
					2173078F1FDEB55F007B213B = {
						CreatedOnToolsVersion = 9.1;
						ProvisioningStyle = Automatic;
						TestTargetID = 2173076D1FDEB55F007B213B;
					};
				};
			};
			buildConfigurationList = 217307691FDEB55F007B213B /* Build configuration list for PBXProject "SportCitizen" */;
			compatibilityVersion = "Xcode 8.0";
			developmentRegion = en;
			hasScannedForEncodings = 0;
			knownRegions = (
				en,
				Base,
			);
			mainGroup = 217307651FDEB55F007B213B;
			productRefGroup = 2173076F1FDEB55F007B213B /* Products */;
			projectDirPath = "";
			projectRoot = "";
			targets = (
				2173076D1FDEB55F007B213B /* SportCitizen */,
				217307841FDEB55F007B213B /* SportCitizenTests */,
				2173078F1FDEB55F007B213B /* SportCitizenUITests */,
			);
		};
/* End PBXProject section */

/* Begin PBXResourcesBuildPhase section */
		2173076C1FDEB55F007B213B /* Resources */ = {
			isa = PBXResourcesBuildPhase;
			buildActionMask = 2147483647;
			files = (
				2173077F1FDEB55F007B213B /* LaunchScreen.storyboard in Resources */,
				2173077C1FDEB55F007B213B /* Assets.xcassets in Resources */,
				217307771FDEB55F007B213B /* Main.storyboard in Resources */,
			);
			runOnlyForDeploymentPostprocessing = 0;
		};
		217307831FDEB55F007B213B /* Resources */ = {
			isa = PBXResourcesBuildPhase;
			buildActionMask = 2147483647;
			files = (
			);
			runOnlyForDeploymentPostprocessing = 0;
		};
		2173078E1FDEB55F007B213B /* Resources */ = {
			isa = PBXResourcesBuildPhase;
			buildActionMask = 2147483647;
			files = (
			);
			runOnlyForDeploymentPostprocessing = 0;
		};
/* End PBXResourcesBuildPhase section */

/* Begin PBXSourcesBuildPhase section */
		2173076A1FDEB55F007B213B /* Sources */ = {
			isa = PBXSourcesBuildPhase;
			buildActionMask = 2147483647;
			files = (
				217307741FDEB55F007B213B /* ViewController.swift in Sources */,
				217307A31FDEBB2F007B213B /* LoginController.swift in Sources */,
				2173077A1FDEB55F007B213B /* SportCitizen.xcdatamodeld in Sources */,
				217307721FDEB55F007B213B /* AppDelegate.swift in Sources */,
			);
			runOnlyForDeploymentPostprocessing = 0;
		};
		217307811FDEB55F007B213B /* Sources */ = {
			isa = PBXSourcesBuildPhase;
			buildActionMask = 2147483647;
			files = (
				2173078A1FDEB55F007B213B /* SportCitizenTests.swift in Sources */,
			);
			runOnlyForDeploymentPostprocessing = 0;
		};
		2173078C1FDEB55F007B213B /* Sources */ = {
			isa = PBXSourcesBuildPhase;
			buildActionMask = 2147483647;
			files = (
				217307951FDEB55F007B213B /* SportCitizenUITests.swift in Sources */,
			);
			runOnlyForDeploymentPostprocessing = 0;
		};
/* End PBXSourcesBuildPhase section */

/* Begin PBXTargetDependency section */
		217307871FDEB55F007B213B /* PBXTargetDependency */ = {
			isa = PBXTargetDependency;
			target = 2173076D1FDEB55F007B213B /* SportCitizen */;
			targetProxy = 217307861FDEB55F007B213B /* PBXContainerItemProxy */;
		};
		217307921FDEB55F007B213B /* PBXTargetDependency */ = {
			isa = PBXTargetDependency;
			target = 2173076D1FDEB55F007B213B /* SportCitizen */;
			targetProxy = 217307911FDEB55F007B213B /* PBXContainerItemProxy */;
		};
/* End PBXTargetDependency section */

/* Begin PBXVariantGroup section */
		217307751FDEB55F007B213B /* Main.storyboard */ = {
			isa = PBXVariantGroup;
			children = (
				217307761FDEB55F007B213B /* Base */,
			);
			name = Main.storyboard;
			sourceTree = "<group>";
		};
		2173077D1FDEB55F007B213B /* LaunchScreen.storyboard */ = {
			isa = PBXVariantGroup;
			children = (
				2173077E1FDEB55F007B213B /* Base */,
			);
			name = LaunchScreen.storyboard;
			sourceTree = "<group>";
		};
/* End PBXVariantGroup section */

/* Begin XCBuildConfiguration section */
		217307971FDEB55F007B213B /* Debug */ = {
			isa = XCBuildConfiguration;
			buildSettings = {
				ALWAYS_SEARCH_USER_PATHS = NO;
				CLANG_ANALYZER_NONNULL = YES;
				CLANG_ANALYZER_NUMBER_OBJECT_CONVERSION = YES_AGGRESSIVE;
				CLANG_CXX_LANGUAGE_STANDARD = "gnu++14";
				CLANG_CXX_LIBRARY = "libc++";
				CLANG_ENABLE_MODULES = YES;
				CLANG_ENABLE_OBJC_ARC = YES;
				CLANG_WARN_BLOCK_CAPTURE_AUTORELEASING = YES;
				CLANG_WARN_BOOL_CONVERSION = YES;
				CLANG_WARN_COMMA = YES;
				CLANG_WARN_CONSTANT_CONVERSION = YES;
				CLANG_WARN_DIRECT_OBJC_ISA_USAGE = YES_ERROR;
				CLANG_WARN_DOCUMENTATION_COMMENTS = YES;
				CLANG_WARN_EMPTY_BODY = YES;
				CLANG_WARN_ENUM_CONVERSION = YES;
				CLANG_WARN_INFINITE_RECURSION = YES;
				CLANG_WARN_INT_CONVERSION = YES;
				CLANG_WARN_NON_LITERAL_NULL_CONVERSION = YES;
				CLANG_WARN_OBJC_LITERAL_CONVERSION = YES;
				CLANG_WARN_OBJC_ROOT_CLASS = YES_ERROR;
				CLANG_WARN_RANGE_LOOP_ANALYSIS = YES;
				CLANG_WARN_STRICT_PROTOTYPES = YES;
				CLANG_WARN_SUSPICIOUS_MOVE = YES;
				CLANG_WARN_UNGUARDED_AVAILABILITY = YES_AGGRESSIVE;
				CLANG_WARN_UNREACHABLE_CODE = YES;
				CLANG_WARN__DUPLICATE_METHOD_MATCH = YES;
				CODE_SIGN_IDENTITY = "iPhone Developer";
				COPY_PHASE_STRIP = NO;
				DEBUG_INFORMATION_FORMAT = dwarf;
				ENABLE_STRICT_OBJC_MSGSEND = YES;
				ENABLE_TESTABILITY = YES;
				GCC_C_LANGUAGE_STANDARD = gnu11;
				GCC_DYNAMIC_NO_PIC = NO;
				GCC_NO_COMMON_BLOCKS = YES;
				GCC_OPTIMIZATION_LEVEL = 0;
				GCC_PREPROCESSOR_DEFINITIONS = (
					"DEBUG=1",
					"$(inherited)",
				);
				GCC_WARN_64_TO_32_BIT_CONVERSION = YES;
				GCC_WARN_ABOUT_RETURN_TYPE = YES_ERROR;
				GCC_WARN_UNDECLARED_SELECTOR = YES;
				GCC_WARN_UNINITIALIZED_AUTOS = YES_AGGRESSIVE;
				GCC_WARN_UNUSED_FUNCTION = YES;
				GCC_WARN_UNUSED_VARIABLE = YES;
				IPHONEOS_DEPLOYMENT_TARGET = 11.1;
				MTL_ENABLE_DEBUG_INFO = YES;
				ONLY_ACTIVE_ARCH = YES;
				SDKROOT = iphoneos;
				SWIFT_ACTIVE_COMPILATION_CONDITIONS = DEBUG;
				SWIFT_OPTIMIZATION_LEVEL = "-Onone";
			};
			name = Debug;
		};
		217307981FDEB55F007B213B /* Release */ = {
			isa = XCBuildConfiguration;
			buildSettings = {
				ALWAYS_SEARCH_USER_PATHS = NO;
				CLANG_ANALYZER_NONNULL = YES;
				CLANG_ANALYZER_NUMBER_OBJECT_CONVERSION = YES_AGGRESSIVE;
				CLANG_CXX_LANGUAGE_STANDARD = "gnu++14";
				CLANG_CXX_LIBRARY = "libc++";
				CLANG_ENABLE_MODULES = YES;
				CLANG_ENABLE_OBJC_ARC = YES;
				CLANG_WARN_BLOCK_CAPTURE_AUTORELEASING = YES;
				CLANG_WARN_BOOL_CONVERSION = YES;
				CLANG_WARN_COMMA = YES;
				CLANG_WARN_CONSTANT_CONVERSION = YES;
				CLANG_WARN_DIRECT_OBJC_ISA_USAGE = YES_ERROR;
				CLANG_WARN_DOCUMENTATION_COMMENTS = YES;
				CLANG_WARN_EMPTY_BODY = YES;
				CLANG_WARN_ENUM_CONVERSION = YES;
				CLANG_WARN_INFINITE_RECURSION = YES;
				CLANG_WARN_INT_CONVERSION = YES;
				CLANG_WARN_NON_LITERAL_NULL_CONVERSION = YES;
				CLANG_WARN_OBJC_LITERAL_CONVERSION = YES;
				CLANG_WARN_OBJC_ROOT_CLASS = YES_ERROR;
				CLANG_WARN_RANGE_LOOP_ANALYSIS = YES;
				CLANG_WARN_STRICT_PROTOTYPES = YES;
				CLANG_WARN_SUSPICIOUS_MOVE = YES;
				CLANG_WARN_UNGUARDED_AVAILABILITY = YES_AGGRESSIVE;
				CLANG_WARN_UNREACHABLE_CODE = YES;
				CLANG_WARN__DUPLICATE_METHOD_MATCH = YES;
				CODE_SIGN_IDENTITY = "iPhone Developer";
				COPY_PHASE_STRIP = NO;
				DEBUG_INFORMATION_FORMAT = "dwarf-with-dsym";
				ENABLE_NS_ASSERTIONS = NO;
				ENABLE_STRICT_OBJC_MSGSEND = YES;
				GCC_C_LANGUAGE_STANDARD = gnu11;
				GCC_NO_COMMON_BLOCKS = YES;
				GCC_WARN_64_TO_32_BIT_CONVERSION = YES;
				GCC_WARN_ABOUT_RETURN_TYPE = YES_ERROR;
				GCC_WARN_UNDECLARED_SELECTOR = YES;
				GCC_WARN_UNINITIALIZED_AUTOS = YES_AGGRESSIVE;
				GCC_WARN_UNUSED_FUNCTION = YES;
				GCC_WARN_UNUSED_VARIABLE = YES;
				IPHONEOS_DEPLOYMENT_TARGET = 11.1;
				MTL_ENABLE_DEBUG_INFO = NO;
				SDKROOT = iphoneos;
				SWIFT_OPTIMIZATION_LEVEL = "-Owholemodule";
				VALIDATE_PRODUCT = YES;
			};
			name = Release;
		};
		2173079A1FDEB55F007B213B /* Debug */ = {
			isa = XCBuildConfiguration;
			buildSettings = {
				ASSETCATALOG_COMPILER_APPICON_NAME = AppIcon;
				CODE_SIGN_STYLE = Automatic;
				INFOPLIST_FILE = SportCitizen/Info.plist;
				LD_RUNPATH_SEARCH_PATHS = "$(inherited) @executable_path/Frameworks";
				PRODUCT_BUNDLE_IDENTIFIER = Simon.SportCitizen;
				PRODUCT_NAME = "$(TARGET_NAME)";
				SWIFT_VERSION = 4.0;
				TARGETED_DEVICE_FAMILY = "1,2";
			};
			name = Debug;
		};
		2173079B1FDEB55F007B213B /* Release */ = {
			isa = XCBuildConfiguration;
			buildSettings = {
				ASSETCATALOG_COMPILER_APPICON_NAME = AppIcon;
				CODE_SIGN_STYLE = Automatic;
				INFOPLIST_FILE = SportCitizen/Info.plist;
				LD_RUNPATH_SEARCH_PATHS = "$(inherited) @executable_path/Frameworks";
				PRODUCT_BUNDLE_IDENTIFIER = Simon.SportCitizen;
				PRODUCT_NAME = "$(TARGET_NAME)";
				SWIFT_VERSION = 4.0;
				TARGETED_DEVICE_FAMILY = "1,2";
			};
			name = Release;
		};
		2173079D1FDEB55F007B213B /* Debug */ = {
			isa = XCBuildConfiguration;
			buildSettings = {
				ALWAYS_EMBED_SWIFT_STANDARD_LIBRARIES = YES;
				BUNDLE_LOADER = "$(TEST_HOST)";
				CODE_SIGN_STYLE = Automatic;
				INFOPLIST_FILE = SportCitizenTests/Info.plist;
				LD_RUNPATH_SEARCH_PATHS = "$(inherited) @executable_path/Frameworks @loader_path/Frameworks";
				PRODUCT_BUNDLE_IDENTIFIER = Simon.SportCitizenTests;
				PRODUCT_NAME = "$(TARGET_NAME)";
				SWIFT_VERSION = 4.0;
				TARGETED_DEVICE_FAMILY = "1,2";
				TEST_HOST = "$(BUILT_PRODUCTS_DIR)/SportCitizen.app/SportCitizen";
			};
			name = Debug;
		};
		2173079E1FDEB55F007B213B /* Release */ = {
			isa = XCBuildConfiguration;
			buildSettings = {
				ALWAYS_EMBED_SWIFT_STANDARD_LIBRARIES = YES;
				BUNDLE_LOADER = "$(TEST_HOST)";
				CODE_SIGN_STYLE = Automatic;
				INFOPLIST_FILE = SportCitizenTests/Info.plist;
				LD_RUNPATH_SEARCH_PATHS = "$(inherited) @executable_path/Frameworks @loader_path/Frameworks";
				PRODUCT_BUNDLE_IDENTIFIER = Simon.SportCitizenTests;
				PRODUCT_NAME = "$(TARGET_NAME)";
				SWIFT_VERSION = 4.0;
				TARGETED_DEVICE_FAMILY = "1,2";
				TEST_HOST = "$(BUILT_PRODUCTS_DIR)/SportCitizen.app/SportCitizen";
			};
			name = Release;
		};
		217307A01FDEB55F007B213B /* Debug */ = {
			isa = XCBuildConfiguration;
			buildSettings = {
				ALWAYS_EMBED_SWIFT_STANDARD_LIBRARIES = YES;
				CODE_SIGN_STYLE = Automatic;
				INFOPLIST_FILE = SportCitizenUITests/Info.plist;
				LD_RUNPATH_SEARCH_PATHS = "$(inherited) @executable_path/Frameworks @loader_path/Frameworks";
				PRODUCT_BUNDLE_IDENTIFIER = Simon.SportCitizenUITests;
				PRODUCT_NAME = "$(TARGET_NAME)";
				SWIFT_VERSION = 4.0;
				TARGETED_DEVICE_FAMILY = "1,2";
				TEST_TARGET_NAME = SportCitizen;
			};
			name = Debug;
		};
		217307A11FDEB55F007B213B /* Release */ = {
			isa = XCBuildConfiguration;
			buildSettings = {
				ALWAYS_EMBED_SWIFT_STANDARD_LIBRARIES = YES;
				CODE_SIGN_STYLE = Automatic;
				INFOPLIST_FILE = SportCitizenUITests/Info.plist;
				LD_RUNPATH_SEARCH_PATHS = "$(inherited) @executable_path/Frameworks @loader_path/Frameworks";
				PRODUCT_BUNDLE_IDENTIFIER = Simon.SportCitizenUITests;
				PRODUCT_NAME = "$(TARGET_NAME)";
				SWIFT_VERSION = 4.0;
				TARGETED_DEVICE_FAMILY = "1,2";
				TEST_TARGET_NAME = SportCitizen;
			};
			name = Release;
		};
/* End XCBuildConfiguration section */

/* Begin XCConfigurationList section */
		217307691FDEB55F007B213B /* Build configuration list for PBXProject "SportCitizen" */ = {
			isa = XCConfigurationList;
			buildConfigurations = (
				217307971FDEB55F007B213B /* Debug */,
				217307981FDEB55F007B213B /* Release */,
			);
			defaultConfigurationIsVisible = 0;
			defaultConfigurationName = Release;
		};
		217307991FDEB55F007B213B /* Build configuration list for PBXNativeTarget "SportCitizen" */ = {
			isa = XCConfigurationList;
			buildConfigurations = (
				2173079A1FDEB55F007B213B /* Debug */,
				2173079B1FDEB55F007B213B /* Release */,
			);
			defaultConfigurationIsVisible = 0;
			defaultConfigurationName = Release;
		};
		2173079C1FDEB55F007B213B /* Build configuration list for PBXNativeTarget "SportCitizenTests" */ = {
			isa = XCConfigurationList;
			buildConfigurations = (
				2173079D1FDEB55F007B213B /* Debug */,
				2173079E1FDEB55F007B213B /* Release */,
			);
			defaultConfigurationIsVisible = 0;
			defaultConfigurationName = Release;
		};
		2173079F1FDEB55F007B213B /* Build configuration list for PBXNativeTarget "SportCitizenUITests" */ = {
			isa = XCConfigurationList;
			buildConfigurations = (
				217307A01FDEB55F007B213B /* Debug */,
				217307A11FDEB55F007B213B /* Release */,
			);
			defaultConfigurationIsVisible = 0;
			defaultConfigurationName = Release;
		};
/* End XCConfigurationList section */

/* Begin XCVersionGroup section */
		217307781FDEB55F007B213B /* SportCitizen.xcdatamodeld */ = {
			isa = XCVersionGroup;
			children = (
				217307791FDEB55F007B213B /* SportCitizen.xcdatamodel */,
			);
			currentVersion = 217307791FDEB55F007B213B /* SportCitizen.xcdatamodel */;
			path = SportCitizen.xcdatamodeld;
			sourceTree = "<group>";
			versionGroupType = wrapper.xcdatamodel;
		};
/* End XCVersionGroup section */
	};
	rootObject = 217307661FDEB55F007B213B /* Project object */;
}
